Microsoft Visual Studio Solution File, Format Version 12.00
# Visual Studio Version 17
VisualStudioVersion = 17.5.2.0
MinimumVisualStudioVersion = 10.0.40219.1
Project("{FAE04EC0-301F-11D3-BF4B-00C04F79EFBC}") = "ClimatempoBackend", "ClimatempoBackend.csproj", "{05371CD4-6E80-DD0F-BBCF-7ED40A1ACFA8}"
EndProject
Global
	GlobalSection(SolutionConfigurationPlatforms) = preSolution
		Debug|Any CPU = Debug|Any CPU
		Release|Any CPU = Release|Any CPU
	EndGlobalSection
	GlobalSection(ProjectConfigurationPlatforms) = postSolution
		{05371CD4-6E80-DD0F-BBCF-7ED40A1ACFA8}.Debug|Any CPU.ActiveCfg = Debug|Any CPU
		{05371CD4-6E80-DD0F-BBCF-7ED40A1ACFA8}.Debug|Any CPU.Build.0 = Debug|Any CPU
		{05371CD4-6E80-DD0F-BBCF-7ED40A1ACFA8}.Release|Any CPU.ActiveCfg = Release|Any CPU
		{05371CD4-6E80-DD0F-BBCF-7ED40A1ACFA8}.Release|Any CPU.Build.0 = Release|Any CPU
	EndGlobalSection
	GlobalSection(SolutionProperties) = preSolution
		HideSolutionNode = FALSE
	EndGlobalSection
	GlobalSection(ExtensibilityGlobals) = postSolution
		SolutionGuid = {08F984DE-A371-40CF-8DD7-7460562A403C}
	EndGlobalSection
EndGlobal
